
Microsoft Visual Studio Solution File, Format Version 12.00
# Visual Studio 14
VisualStudioVersion = 14.0.25420.1
MinimumVisualStudioVersion = 10.0.40219.1
Project("{FAE04EC0-301F-11D3-BF4B-00C04F79EFBC}") = "LSB", "LSB\LSB.csproj", "{80858F8A-21CD-47C4-86EE-A3D5AA8C672B}"
EndProject
Global
	GlobalSection(SolutionConfigurationPlatforms) = preSolution
		Debug|Any CPU = Debug|Any CPU
		Release|Any CPU = Release|Any CPU
	EndGlobalSection
	GlobalSection(ProjectConfigurationPlatforms) = postSolution
		{80858F8A-21CD-47C4-86EE-A3D5AA8C672B}.Debug|Any CPU.ActiveCfg = Debug|Any CPU
		{80858F8A-21CD-47C4-86EE-A3D5AA8C672B}.Debug|Any CPU.Build.0 = Debug|Any CPU
		{80858F8A-21CD-47C4-86EE-A3D5AA8C672B}.Release|Any CPU.ActiveCfg = Release|Any CPU
		{80858F8A-21CD-47C4-86EE-A3D5AA8C672B}.Release|Any CPU.Build.0 = Release|Any CPU
	EndGlobalSection
	GlobalSection(SolutionProperties) = preSolution
		HideSolutionNode = FALSE
	EndGlobalSection
EndGlobal
